// !$*UTF8*$!
{
	archiveVersion = 1;
	classes = {
	};
	objectVersion = 50;
	objects = {

/* Begin PBXBuildFile section */
		25E13E48244383730056C3E2 /* AppDelegate.swift in Sources */ = {isa = PBXBuildFile; fileRef = 25E13E47244383730056C3E2 /* AppDelegate.swift */; };
		25E13E4A244383730056C3E2 /* SceneDelegate.swift in Sources */ = {isa = PBXBuildFile; fileRef = 25E13E49244383730056C3E2 /* SceneDelegate.swift */; };
		25E13E4C244383730056C3E2 /* ContentView.swift in Sources */ = {isa = PBXBuildFile; fileRef = 25E13E4B244383730056C3E2 /* ContentView.swift */; };
		25E13E4E2443837D0056C3E2 /* Assets.xcassets in Resources */ = {isa = PBXBuildFile; fileRef = 25E13E4D2443837D0056C3E2 /* Assets.xcassets */; };
		25E13E512443837D0056C3E2 /* Preview Assets.xcassets in Resources */ = {isa = PBXBuildFile; fileRef = 25E13E502443837D0056C3E2 /* Preview Assets.xcassets */; };
		25E13E542443837D0056C3E2 /* LaunchScreen.storyboard in Resources */ = {isa = PBXBuildFile; fileRef = 25E13E522443837D0056C3E2 /* LaunchScreen.storyboard */; };
		25E13E5F2443837E0056C3E2 /* ProjectTests.swift in Sources */ = {isa = PBXBuildFile; fileRef = 25E13E5E2443837E0056C3E2 /* ProjectTests.swift */; };
		25E13E6A2443837E0056C3E2 /* ProjectUITests.swift in Sources */ = {isa = PBXBuildFile; fileRef = 25E13E692443837E0056C3E2 /* ProjectUITests.swift */; };
/* End PBXBuildFile section */

/* Begin PBXContainerItemProxy section */
		25E13E5B2443837E0056C3E2 /* PBXContainerItemProxy */ = {
			isa = PBXContainerItemProxy;
			containerPortal = 25E13E3C244383730056C3E2 /* Project object */;
			proxyType = 1;
			remoteGlobalIDString = 25E13E43244383730056C3E2;
			remoteInfo = Project;
		};
		25E13E662443837E0056C3E2 /* PBXContainerItemProxy */ = {
			isa = PBXContainerItemProxy;
			containerPortal = 25E13E3C244383730056C3E2 /* Project object */;
			proxyType = 1;
			remoteGlobalIDString = 25E13E43244383730056C3E2;
			remoteInfo = Project;
		};
/* End PBXContainerItemProxy section */

/* Begin PBXFileReference section */
		25E13E44244383730056C3E2 /* Project.app */ = {isa = PBXFileReference; explicitFileType = wrapper.application; includeInIndex = 0; path = Project.app; sourceTree = BUILT_PRODUCTS_DIR; };
		25E13E47244383730056C3E2 /* AppDelegate.swift */ = {isa = PBXFileReference; lastKnownFileType = sourcecode.swift; path = AppDelegate.swift; sourceTree = "<group>"; };
		25E13E49244383730056C3E2 /* SceneDelegate.swift */ = {isa = PBXFileReference; lastKnownFileType = sourcecode.swift; path = SceneDelegate.swift; sourceTree = "<group>"; };
		25E13E4B244383730056C3E2 /* ContentView.swift */ = {isa = PBXFileReference; lastKnownFileType = sourcecode.swift; path = ContentView.swift; sourceTree = "<group>"; };
		25E13E4D2443837D0056C3E2 /* Assets.xcassets */ = {isa = PBXFileReference; lastKnownFileType = folder.assetcatalog; path = Assets.xcassets; sourceTree = "<group>"; };
		25E13E502443837D0056C3E2 /* Preview Assets.xcassets */ = {isa = PBXFileReference; lastKnownFileType = folder.assetcatalog; path = "Preview Assets.xcassets"; sourceTree = "<group>"; };
		25E13E532443837D0056C3E2 /* Base */ = {isa = PBXFileReference; lastKnownFileType = file.storyboard; name = Base; path = Base.lproj/LaunchScreen.storyboard; sourceTree = "<group>"; };
		25E13E552443837D0056C3E2 /* Info.plist */ = {isa = PBXFileReference; lastKnownFileType = text.plist.xml; path = Info.plist; sourceTree = "<group>"; };
		25E13E5A2443837E0056C3E2 /* ProjectTests.xctest */ = {isa = PBXFileReference; explicitFileType = wrapper.cfbundle; includeInIndex = 0; path = ProjectTests.xctest; sourceTree = BUILT_PRODUCTS_DIR; };
		25E13E5E2443837E0056C3E2 /* ProjectTests.swift */ = {isa = PBXFileReference; lastKnownFileType = sourcecode.swift; path = ProjectTests.swift; sourceTree = "<group>"; };
		25E13E602443837E0056C3E2 /* Info.plist */ = {isa = PBXFileReference; lastKnownFileType = text.plist.xml; path = Info.plist; sourceTree = "<group>"; };
		25E13E652443837E0056C3E2 /* ProjectUITests.xctest */ = {isa = PBXFileReference; explicitFileType = wrapper.cfbundle; includeInIndex = 0; path = ProjectUITests.xctest; sourceTree = BUILT_PRODUCTS_DIR; };
		25E13E692443837E0056C3E2 /* ProjectUITests.swift */ = {isa = PBXFileReference; lastKnownFileType = sourcecode.swift; path = ProjectUITests.swift; sourceTree = "<group>"; };
		25E13E6B2443837E0056C3E2 /* Info.plist */ = {isa = PBXFileReference; lastKnownFileType = text.plist.xml; path = Info.plist; sourceTree = "<group>"; };
/* End PBXFileReference section */

/* Begin PBXFrameworksBuildPhase section */
		25E13E41244383730056C3E2 /* Frameworks */ = {
			isa = PBXFrameworksBuildPhase;
			buildActionMask = 2147483647;
			files = (
			);
			runOnlyForDeploymentPostprocessing = 0;
		};
		25E13E572443837E0056C3E2 /* Frameworks */ = {
			isa = PBXFrameworksBuildPhase;
			buildActionMask = 2147483647;
			files = (
			);
			runOnlyForDeploymentPostprocessing = 0;
		};
		25E13E622443837E0056C3E2 /* Frameworks */ = {
			isa = PBXFrameworksBuildPhase;
			buildActionMask = 2147483647;
			files = (
			);
			runOnlyForDeploymentPostprocessing = 0;
		};
/* End PBXFrameworksBuildPhase section */

/* Begin PBXGroup section */
		25E13E3B244383730056C3E2 = {
			isa = PBXGroup;
			children = (
				25E13E46244383730056C3E2 /* Project */,
				25E13E5D2443837E0056C3E2 /* ProjectTests */,
				25E13E682443837E0056C3E2 /* ProjectUITests */,
				25E13E45244383730056C3E2 /* Products */,
			);
			sourceTree = "<group>";
		};
		25E13E45244383730056C3E2 /* Products */ = {
			isa = PBXGroup;
			children = (
				25E13E44244383730056C3E2 /* Project.app */,
				25E13E5A2443837E0056C3E2 /* ProjectTests.xctest */,
				25E13E652443837E0056C3E2 /* ProjectUITests.xctest */,
			);
			name = Products;
			sourceTree = "<group>";
		};
		25E13E46244383730056C3E2 /* Project */ = {
			isa = PBXGroup;
			children = (
				25E13E47244383730056C3E2 /* AppDelegate.swift */,
				25E13E49244383730056C3E2 /* SceneDelegate.swift */,
				25E13E4B244383730056C3E2 /* ContentView.swift */,
				25E13E4D2443837D0056C3E2 /* Assets.xcassets */,
				25E13E522443837D0056C3E2 /* LaunchScreen.storyboard */,
				25E13E552443837D0056C3E2 /* Info.plist */,
				25E13E4F2443837D0056C3E2 /* Preview Content */,
			);
			path = Project;
			sourceTree = "<group>";
		};
		25E13E4F2443837D0056C3E2 /* Preview Content */ = {
			isa = PBXGroup;
			children = (
				25E13E502443837D0056C3E2 /* Preview Assets.xcassets */,
			);
			path = "Preview Content";
			sourceTree = "<group>";
		};
		25E13E5D2443837E0056C3E2 /* ProjectTests */ = {
			isa = PBXGroup;
			children = (
				25E13E5E2443837E0056C3E2 /* ProjectTests.swift */,
				25E13E602443837E0056C3E2 /* Info.plist */,
			);
			path = ProjectTests;
			sourceTree = "<group>";
		};
		25E13E682443837E0056C3E2 /* ProjectUITests */ = {
			isa = PBXGroup;
			children = (
				25E13E692443837E0056C3E2 /* ProjectUITests.swift */,
				25E13E6B2443837E0056C3E2 /* Info.plist */,
			);
			path = ProjectUITests;
			sourceTree = "<group>";
		};
/* End PBXGroup section */

/* Begin PBXNativeTarget section */
		25E13E43244383730056C3E2 /* Project */ = {
			isa = PBXNativeTarget;
			buildConfigurationList = 25E13E6E2443837E0056C3E2 /* Build configuration list for PBXNativeTarget "Project" */;
			buildPhases = (
				25E13E40244383730056C3E2 /* Sources */,
				25E13E41244383730056C3E2 /* Frameworks */,
				25E13E42244383730056C3E2 /* Resources */,
			);
			buildRules = (
			);
			dependencies = (
			);
			name = Project;
			productName = Project;
			productReference = 25E13E44244383730056C3E2 /* Project.app */;
			productType = "com.apple.product-type.application";
		};
		25E13E592443837E0056C3E2 /* ProjectTests */ = {
			isa = PBXNativeTarget;
			buildConfigurationList = 25E13E712443837E0056C3E2 /* Build configuration list for PBXNativeTarget "ProjectTests" */;
			buildPhases = (
				25E13E562443837E0056C3E2 /* Sources */,
				25E13E572443837E0056C3E2 /* Frameworks */,
				25E13E582443837E0056C3E2 /* Resources */,
			);
			buildRules = (
			);
			dependencies = (
				25E13E5C2443837E0056C3E2 /* PBXTargetDependency */,
			);
			name = ProjectTests;
			productName = ProjectTests;
			productReference = 25E13E5A2443837E0056C3E2 /* ProjectTests.xctest */;
			productType = "com.apple.product-type.bundle.unit-test";
		};
		25E13E642443837E0056C3E2 /* ProjectUITests */ = {
			isa = PBXNativeTarget;
			buildConfigurationList = 25E13E742443837E0056C3E2 /* Build configuration list for PBXNativeTarget "ProjectUITests" */;
			buildPhases = (
				25E13E612443837E0056C3E2 /* Sources */,
				25E13E622443837E0056C3E2 /* Frameworks */,
				25E13E632443837E0056C3E2 /* Resources */,
			);
			buildRules = (
			);
			dependencies = (
				25E13E672443837E0056C3E2 /* PBXTargetDependency */,
			);
			name = ProjectUITests;
			productName = ProjectUITests;
			productReference = 25E13E652443837E0056C3E2 /* ProjectUITests.xctest */;
			productType = "com.apple.product-type.bundle.ui-testing";
		};
/* End PBXNativeTarget section */

/* Begin PBXProject section */
		25E13E3C244383730056C3E2 /* Project object */ = {
			isa = PBXProject;
			attributes = {
				LastSwiftUpdateCheck = 1140;
				LastUpgradeCheck = 1140;
				ORGANIZATIONNAME = "Ruth-Ann Armstrong";
				TargetAttributes = {
					25E13E43244383730056C3E2 = {
						CreatedOnToolsVersion = 11.4;
					};
					25E13E592443837E0056C3E2 = {
						CreatedOnToolsVersion = 11.4;
						TestTargetID = 25E13E43244383730056C3E2;
					};
					25E13E642443837E0056C3E2 = {
						CreatedOnToolsVersion = 11.4;
						TestTargetID = 25E13E43244383730056C3E2;
					};
				};
			};
			buildConfigurationList = 25E13E3F244383730056C3E2 /* Build configuration list for PBXProject "Project" */;
			compatibilityVersion = "Xcode 9.3";
			developmentRegion = en;
			hasScannedForEncodings = 0;
			knownRegions = (
				en,
				Base,
			);
			mainGroup = 25E13E3B244383730056C3E2;
			productRefGroup = 25E13E45244383730056C3E2 /* Products */;
			projectDirPath = "";
			projectRoot = "";
			targets = (
				25E13E43244383730056C3E2 /* Project */,
				25E13E592443837E0056C3E2 /* ProjectTests */,
				25E13E642443837E0056C3E2 /* ProjectUITests */,
			);
		};
/* End PBXProject section */

/* Begin PBXResourcesBuildPhase section */
		25E13E42244383730056C3E2 /* Resources */ = {
			isa = PBXResourcesBuildPhase;
			buildActionMask = 2147483647;
			files = (
				25E13E542443837D0056C3E2 /* LaunchScreen.storyboard in Resources */,
				25E13E512443837D0056C3E2 /* Preview Assets.xcassets in Resources */,
				25E13E4E2443837D0056C3E2 /* Assets.xcassets in Resources */,
			);
			runOnlyForDeploymentPostprocessing = 0;
		};
		25E13E582443837E0056C3E2 /* Resources */ = {
			isa = PBXResourcesBuildPhase;
			buildActionMask = 2147483647;
			files = (
			);
			runOnlyForDeploymentPostprocessing = 0;
		};
		25E13E632443837E0056C3E2 /* Resources */ = {
			isa = PBXResourcesBuildPhase;
			buildActionMask = 2147483647;
			files = (
			);
			runOnlyForDeploymentPostprocessing = 0;
		};
/* End PBXResourcesBuildPhase section */

/* Begin PBXSourcesBuildPhase section */
		25E13E40244383730056C3E2 /* Sources */ = {
			isa = PBXSourcesBuildPhase;
			buildActionMask = 2147483647;
			files = (
				25E13E48244383730056C3E2 /* AppDelegate.swift in Sources */,
				25E13E4A244383730056C3E2 /* SceneDelegate.swift in Sources */,
				25E13E4C244383730056C3E2 /* ContentView.swift in Sources */,
			);
			runOnlyForDeploymentPostprocessing = 0;
		};
		25E13E562443837E0056C3E2 /* Sources */ = {
			isa = PBXSourcesBuildPhase;
			buildActionMask = 2147483647;
			files = (
				25E13E5F2443837E0056C3E2 /* ProjectTests.swift in Sources */,
			);
			runOnlyForDeploymentPostprocessing = 0;
		};
		25E13E612443837E0056C3E2 /* Sources */ = {
			isa = PBXSourcesBuildPhase;
			buildActionMask = 2147483647;
			files = (
				25E13E6A2443837E0056C3E2 /* ProjectUITests.swift in Sources */,
			);
			runOnlyForDeploymentPostprocessing = 0;
		};
/* End PBXSourcesBuildPhase section */

/* Begin PBXTargetDependency section */
		25E13E5C2443837E0056C3E2 /* PBXTargetDependency */ = {
			isa = PBXTargetDependency;
			target = 25E13E43244383730056C3E2 /* Project */;
			targetProxy = 25E13E5B2443837E0056C3E2 /* PBXContainerItemProxy */;
		};
		25E13E672443837E0056C3E2 /* PBXTargetDependency */ = {
			isa = PBXTargetDependency;
			target = 25E13E43244383730056C3E2 /* Project */;
			targetProxy = 25E13E662443837E0056C3E2 /* PBXContainerItemProxy */;
		};
/* End PBXTargetDependency section */

/* Begin PBXVariantGroup section */
		25E13E522443837D0056C3E2 /* LaunchScreen.storyboard */ = {
			isa = PBXVariantGroup;
			children = (
				25E13E532443837D0056C3E2 /* Base */,
			);
			name = LaunchScreen.storyboard;
			sourceTree = "<group>";
		};
/* End PBXVariantGroup section */

/* Begin XCBuildConfiguration section */
		25E13E6C2443837E0056C3E2 /* Debug */ = {
			isa = XCBuildConfiguration;
			buildSettings = {
				ALWAYS_SEARCH_USER_PATHS = NO;
				CLANG_ANALYZER_NONNULL = YES;
				CLANG_ANALYZER_NUMBER_OBJECT_CONVERSION = YES_AGGRESSIVE;
				CLANG_CXX_LANGUAGE_STANDARD = "gnu++14";
				CLANG_CXX_LIBRARY = "libc++";
				CLANG_ENABLE_MODULES = YES;
				CLANG_ENABLE_OBJC_ARC = YES;
				CLANG_ENABLE_OBJC_WEAK = YES;
				CLANG_WARN_BLOCK_CAPTURE_AUTORELEASING = YES;
				CLANG_WARN_BOOL_CONVERSION = YES;
				CLANG_WARN_COMMA = YES;
				CLANG_WARN_CONSTANT_CONVERSION = YES;
				CLANG_WARN_DEPRECATED_OBJC_IMPLEMENTATIONS = YES;
				CLANG_WARN_DIRECT_OBJC_ISA_USAGE = YES_ERROR;
				CLANG_WARN_DOCUMENTATION_COMMENTS = YES;
				CLANG_WARN_EMPTY_BODY = YES;
				CLANG_WARN_ENUM_CONVERSION = YES;
				CLANG_WARN_INFINITE_RECURSION = YES;
				CLANG_WARN_INT_CONVERSION = YES;
				CLANG_WARN_NON_LITERAL_NULL_CONVERSION = YES;
				CLANG_WARN_OBJC_IMPLICIT_RETAIN_SELF = YES;
				CLANG_WARN_OBJC_LITERAL_CONVERSION = YES;
				CLANG_WARN_OBJC_ROOT_CLASS = YES_ERROR;
				CLANG_WARN_RANGE_LOOP_ANALYSIS = YES;
				CLANG_WARN_STRICT_PROTOTYPES = YES;
				CLANG_WARN_SUSPICIOUS_MOVE = YES;
				CLANG_WARN_UNGUARDED_AVAILABILITY = YES_AGGRESSIVE;
				CLANG_WARN_UNREACHABLE_CODE = YES;
				CLANG_WARN__DUPLICATE_METHOD_MATCH = YES;
				COPY_PHASE_STRIP = NO;
				DEBUG_INFORMATION_FORMAT = dwarf;
				ENABLE_STRICT_OBJC_MSGSEND = YES;
				ENABLE_TESTABILITY = YES;
				GCC_C_LANGUAGE_STANDARD = gnu11;
				GCC_DYNAMIC_NO_PIC = NO;
				GCC_NO_COMMON_BLOCKS = YES;
				GCC_OPTIMIZATION_LEVEL = 0;
				GCC_PREPROCESSOR_DEFINITIONS = (
					"DEBUG=1",
					"$(inherited)",
				);
				GCC_WARN_64_TO_32_BIT_CONVERSION = YES;
				GCC_WARN_ABOUT_RETURN_TYPE = YES_ERROR;
				GCC_WARN_UNDECLARED_SELECTOR = YES;
				GCC_WARN_UNINITIALIZED_AUTOS = YES_AGGRESSIVE;
				GCC_WARN_UNUSED_FUNCTION = YES;
				GCC_WARN_UNUSED_VARIABLE = YES;
				IPHONEOS_DEPLOYMENT_TARGET = 13.4;
				MTL_ENABLE_DEBUG_INFO = INCLUDE_SOURCE;
				MTL_FAST_MATH = YES;
				ONLY_ACTIVE_ARCH = YES;
				SDKROOT = iphoneos;
				SWIFT_ACTIVE_COMPILATION_CONDITIONS = DEBUG;
				SWIFT_OPTIMIZATION_LEVEL = "-Onone";
			};
			name = Debug;
		};
		25E13E6D2443837E0056C3E2 /* Release */ = {
			isa = XCBuildConfiguration;
			buildSettings = {
				ALWAYS_SEARCH_USER_PATHS = NO;
				CLANG_ANALYZER_NONNULL = YES;
				CLANG_ANALYZER_NUMBER_OBJECT_CONVERSION = YES_AGGRESSIVE;
				CLANG_CXX_LANGUAGE_STANDARD = "gnu++14";
				CLANG_CXX_LIBRARY = "libc++";
				CLANG_ENABLE_MODULES = YES;
				CLANG_ENABLE_OBJC_ARC = YES;
				CLANG_ENABLE_OBJC_WEAK = YES;
				CLANG_WARN_BLOCK_CAPTURE_AUTORELEASING = YES;
				CLANG_WARN_BOOL_CONVERSION = YES;
				CLANG_WARN_COMMA = YES;
				CLANG_WARN_CONSTANT_CONVERSION = YES;
				CLANG_WARN_DEPRECATED_OBJC_IMPLEMENTATIONS = YES;
				CLANG_WARN_DIRECT_OBJC_ISA_USAGE = YES_ERROR;
				CLANG_WARN_DOCUMENTATION_COMMENTS = YES;
				CLANG_WARN_EMPTY_BODY = YES;
				CLANG_WARN_ENUM_CONVERSION = YES;
				CLANG_WARN_INFINITE_RECURSION = YES;
				CLANG_WARN_INT_CONVERSION = YES;
				CLANG_WARN_NON_LITERAL_NULL_CONVERSION = YES;
				CLANG_WARN_OBJC_IMPLICIT_RETAIN_SELF = YES;
				CLANG_WARN_OBJC_LITERAL_CONVERSION = YES;
				CLANG_WARN_OBJC_ROOT_CLASS = YES_ERROR;
				CLANG_WARN_RANGE_LOOP_ANALYSIS = YES;
				CLANG_WARN_STRICT_PROTOTYPES = YES;
				CLANG_WARN_SUSPICIOUS_MOVE = YES;
				CLANG_WARN_UNGUARDED_AVAILABILITY = YES_AGGRESSIVE;
				CLANG_WARN_UNREACHABLE_CODE = YES;
				CLANG_WARN__DUPLICATE_METHOD_MATCH = YES;
				COPY_PHASE_STRIP = NO;
				DEBUG_INFORMATION_FORMAT = "dwarf-with-dsym";
				ENABLE_NS_ASSERTIONS = NO;
				ENABLE_STRICT_OBJC_MSGSEND = YES;
				GCC_C_LANGUAGE_STANDARD = gnu11;
				GCC_NO_COMMON_BLOCKS = YES;
				GCC_WARN_64_TO_32_BIT_CONVERSION = YES;
				GCC_WARN_ABOUT_RETURN_TYPE = YES_ERROR;
				GCC_WARN_UNDECLARED_SELECTOR = YES;
				GCC_WARN_UNINITIALIZED_AUTOS = YES_AGGRESSIVE;
				GCC_WARN_UNUSED_FUNCTION = YES;
				GCC_WARN_UNUSED_VARIABLE = YES;
				IPHONEOS_DEPLOYMENT_TARGET = 13.4;
				MTL_ENABLE_DEBUG_INFO = NO;
				MTL_FAST_MATH = YES;
				SDKROOT = iphoneos;
				SWIFT_COMPILATION_MODE = wholemodule;
				SWIFT_OPTIMIZATION_LEVEL = "-O";
				VALIDATE_PRODUCT = YES;
			};
			name = Release;
		};
		25E13E6F2443837E0056C3E2 /* Debug */ = {
			isa = XCBuildConfiguration;
			buildSettings = {
				ASSETCATALOG_COMPILER_APPICON_NAME = AppIcon;
				CODE_SIGN_STYLE = Automatic;
				DEVELOPMENT_ASSET_PATHS = "\"Project/Preview Content\"";
				ENABLE_PREVIEWS = YES;
				INFOPLIST_FILE = Project/Info.plist;
				LD_RUNPATH_SEARCH_PATHS = (
					"$(inherited)",
					"@executable_path/Frameworks",
				);
				PRODUCT_BUNDLE_IDENTIFIER = Org.Project;
				PRODUCT_NAME = "$(TARGET_NAME)";
				SWIFT_VERSION = 5.0;
				TARGETED_DEVICE_FAMILY = "1,2";
			};
			name = Debug;
		};
		25E13E702443837E0056C3E2 /* Release */ = {
			isa = XCBuildConfiguration;
			buildSettings = {
				ASSETCATALOG_COMPILER_APPICON_NAME = AppIcon;
				CODE_SIGN_STYLE = Automatic;
				DEVELOPMENT_ASSET_PATHS = "\"Project/Preview Content\"";
				ENABLE_PREVIEWS = YES;
				INFOPLIST_FILE = Project/Info.plist;
				LD_RUNPATH_SEARCH_PATHS = (
					"$(inherited)",
					"@executable_path/Frameworks",
				);
				PRODUCT_BUNDLE_IDENTIFIER = Org.Project;
				PRODUCT_NAME = "$(TARGET_NAME)";
				SWIFT_VERSION = 5.0;
				TARGETED_DEVICE_FAMILY = "1,2";
			};
			name = Release;
		};
		25E13E722443837E0056C3E2 /* Debug */ = {
			isa = XCBuildConfiguration;
			buildSettings = {
				ALWAYS_EMBED_SWIFT_STANDARD_LIBRARIES = YES;
				BUNDLE_LOADER = "$(TEST_HOST)";
				CODE_SIGN_STYLE = Automatic;
				INFOPLIST_FILE = ProjectTests/Info.plist;
				IPHONEOS_DEPLOYMENT_TARGET = 13.4;
				LD_RUNPATH_SEARCH_PATHS = (
					"$(inherited)",
					"@executable_path/Frameworks",
					"@loader_path/Frameworks",
				);
				PRODUCT_BUNDLE_IDENTIFIER = Org.ProjectTests;
				PRODUCT_NAME = "$(TARGET_NAME)";
				SWIFT_VERSION = 5.0;
				TARGETED_DEVICE_FAMILY = "1,2";
				TEST_HOST = "$(BUILT_PRODUCTS_DIR)/Project.app/Project";
			};
			name = Debug;
		};
		25E13E732443837E0056C3E2 /* Release */ = {
			isa = XCBuildConfiguration;
			buildSettings = {
				ALWAYS_EMBED_SWIFT_STANDARD_LIBRARIES = YES;
				BUNDLE_LOADER = "$(TEST_HOST)";
				CODE_SIGN_STYLE = Automatic;
				INFOPLIST_FILE = ProjectTests/Info.plist;
				IPHONEOS_DEPLOYMENT_TARGET = 13.4;
				LD_RUNPATH_SEARCH_PATHS = (
					"$(inherited)",
					"@executable_path/Frameworks",
					"@loader_path/Frameworks",
				);
				PRODUCT_BUNDLE_IDENTIFIER = Org.ProjectTests;
				PRODUCT_NAME = "$(TARGET_NAME)";
				SWIFT_VERSION = 5.0;
				TARGETED_DEVICE_FAMILY = "1,2";
				TEST_HOST = "$(BUILT_PRODUCTS_DIR)/Project.app/Project";
			};
			name = Release;
		};
		25E13E752443837E0056C3E2 /* Debug */ = {
			isa = XCBuildConfiguration;
			buildSettings = {
				ALWAYS_EMBED_SWIFT_STANDARD_LIBRARIES = YES;
				CODE_SIGN_STYLE = Automatic;
				INFOPLIST_FILE = ProjectUITests/Info.plist;
				LD_RUNPATH_SEARCH_PATHS = (
					"$(inherited)",
					"@executable_path/Frameworks",
					"@loader_path/Frameworks",
				);
				PRODUCT_BUNDLE_IDENTIFIER = Org.ProjectUITests;
				PRODUCT_NAME = "$(TARGET_NAME)";
				SWIFT_VERSION = 5.0;
				TARGETED_DEVICE_FAMILY = "1,2";
				TEST_TARGET_NAME = Project;
			};
			name = Debug;
		};
		25E13E762443837E0056C3E2 /* Release */ = {
			isa = XCBuildConfiguration;
			buildSettings = {
				ALWAYS_EMBED_SWIFT_STANDARD_LIBRARIES = YES;
				CODE_SIGN_STYLE = Automatic;
				INFOPLIST_FILE = ProjectUITests/Info.plist;
				LD_RUNPATH_SEARCH_PATHS = (
					"$(inherited)",
					"@executable_path/Frameworks",
					"@loader_path/Frameworks",
				);
				PRODUCT_BUNDLE_IDENTIFIER = Org.ProjectUITests;
				PRODUCT_NAME = "$(TARGET_NAME)";
				SWIFT_VERSION = 5.0;
				TARGETED_DEVICE_FAMILY = "1,2";
				TEST_TARGET_NAME = Project;
			};
			name = Release;
		};
/* End XCBuildConfiguration section */

/* Begin XCConfigurationList section */
		25E13E3F244383730056C3E2 /* Build configuration list for PBXProject "Project" */ = {
			isa = XCConfigurationList;
			buildConfigurations = (
				25E13E6C2443837E0056C3E2 /* Debug */,
				25E13E6D2443837E0056C3E2 /* Release */,
			);
			defaultConfigurationIsVisible = 0;
			defaultConfigurationName = Release;
		};
		25E13E6E2443837E0056C3E2 /* Build configuration list for PBXNativeTarget "Project" */ = {
			isa = XCConfigurationList;
			buildConfigurations = (
				25E13E6F2443837E0056C3E2 /* Debug */,
				25E13E702443837E0056C3E2 /* Release */,
			);
			defaultConfigurationIsVisible = 0;
			defaultConfigurationName = Release;
		};
		25E13E712443837E0056C3E2 /* Build configuration list for PBXNativeTarget "ProjectTests" */ = {
			isa = XCConfigurationList;
			buildConfigurations = (
				25E13E722443837E0056C3E2 /* Debug */,
				25E13E732443837E0056C3E2 /* Release */,
			);
			defaultConfigurationIsVisible = 0;
			defaultConfigurationName = Release;
		};
		25E13E742443837E0056C3E2 /* Build configuration list for PBXNativeTarget "ProjectUITests" */ = {
			isa = XCConfigurationList;
			buildConfigurations = (
				25E13E752443837E0056C3E2 /* Debug */,
				25E13E762443837E0056C3E2 /* Release */,
			);
			defaultConfigurationIsVisible = 0;
			defaultConfigurationName = Release;
		};
/* End XCConfigurationList section */
	};
	rootObject = 25E13E3C244383730056C3E2 /* Project object */;
}
